
Microsoft Visual Studio Solution File, Format Version 12.00
# Visual Studio Version 17
VisualStudioVersion = 17.7.34031.279
MinimumVisualStudioVersion = 10.0.40219.1
Project("{FAE04EC0-301F-11D3-BF4B-00C04F79EFBC}") = "Example_02", "Example_02\Example_02.csproj", "{7350AE50-AF52-43B7-95A2-9627C59EBFDA}"
EndProject
Global
	GlobalSection(SolutionConfigurationPlatforms) = preSolution
		Debug|Any CPU = Debug|Any CPU
		Release|Any CPU = Release|Any CPU
	EndGlobalSection
	GlobalSection(ProjectConfigurationPlatforms) = postSolution
		{7350AE50-AF52-43B7-95A2-9627C59EBFDA}.Debug|Any CPU.ActiveCfg = Debug|Any CPU
		{7350AE50-AF52-43B7-95A2-9627C59EBFDA}.Debug|Any CPU.Build.0 = Debug|Any CPU
		{7350AE50-AF52-43B7-95A2-9627C59EBFDA}.Release|Any CPU.ActiveCfg = Release|Any CPU
		{7350AE50-AF52-43B7-95A2-9627C59EBFDA}.Release|Any CPU.Build.0 = Release|Any CPU
	EndGlobalSection
	GlobalSection(SolutionProperties) = preSolution
		HideSolutionNode = FALSE
	EndGlobalSection
	GlobalSection(ExtensibilityGlobals) = postSolution
		SolutionGuid = {C400C8C0-E6AD-4C5F-BEBB-294DC6346659}
	EndGlobalSection
EndGlobal
